
Microsoft Visual Studio Solution File, Format Version 12.00
# Visual Studio 15
VisualStudioVersion = 15.0.27703.2042
MinimumVisualStudioVersion = 10.0.40219.1
Project("{FAE04EC0-301F-11D3-BF4B-00C04F79EFBC}") = "BlockyExample", "BlockyExample\BlockyExample.csproj", "{1F32305B-B2A5-4D69-941A-F9869568D054}"
EndProject
Project("{2150E333-8FDC-42A3-9474-1A3956D46DE8}") = "Solution Items", "Solution Items", "{85EECBAB-37B6-4380-BE51-0774B095533F}"
	ProjectSection(SolutionItems) = preProject
		..\blocky.png = ..\blocky.png
		..\README.md = ..\README.md
	EndProjectSection
EndProject
Global
	GlobalSection(SolutionConfigurationPlatforms) = preSolution
		Debug|Any CPU = Debug|Any CPU
		Release|Any CPU = Release|Any CPU
	EndGlobalSection
	GlobalSection(ProjectConfigurationPlatforms) = postSolution
		{1F32305B-B2A5-4D69-941A-F9869568D054}.Debug|Any CPU.ActiveCfg = Debug|Any CPU
		{1F32305B-B2A5-4D69-941A-F9869568D054}.Debug|Any CPU.Build.0 = Debug|Any CPU
		{1F32305B-B2A5-4D69-941A-F9869568D054}.Release|Any CPU.ActiveCfg = Release|Any CPU
		{1F32305B-B2A5-4D69-941A-F9869568D054}.Release|Any CPU.Build.0 = Release|Any CPU
	EndGlobalSection
	GlobalSection(SolutionProperties) = preSolution
		HideSolutionNode = FALSE
	EndGlobalSection
	GlobalSection(ExtensibilityGlobals) = postSolution
		SolutionGuid = {1B4861E0-96B7-4B23-8E4B-4C3C44FB6CC2}
	EndGlobalSection
EndGlobal
